
Microsoft Visual Studio Solution File, Format Version 12.00
# Visual Studio Version 16
VisualStudioVersion = 16.0.29519.87
MinimumVisualStudioVersion = 10.0.40219.1
Project("{FAE04EC0-301F-11D3-BF4B-00C04F79EFBC}") = "CarCatalog.WebAPI", "CarCatalog.WebAPI\CarCatalog.WebAPI.csproj", "{608BCEBD-70F9-4901-997D-D7D8E61B1E46}"
EndProject
Global
	GlobalSection(SolutionConfigurationPlatforms) = preSolution
		Debug|Any CPU = Debug|Any CPU
		Release|Any CPU = Release|Any CPU
	EndGlobalSection
	GlobalSection(ProjectConfigurationPlatforms) = postSolution
		{608BCEBD-70F9-4901-997D-D7D8E61B1E46}.Debug|Any CPU.ActiveCfg = Debug|Any CPU
		{608BCEBD-70F9-4901-997D-D7D8E61B1E46}.Debug|Any CPU.Build.0 = Debug|Any CPU
		{608BCEBD-70F9-4901-997D-D7D8E61B1E46}.Release|Any CPU.ActiveCfg = Release|Any CPU
		{608BCEBD-70F9-4901-997D-D7D8E61B1E46}.Release|Any CPU.Build.0 = Release|Any CPU
	EndGlobalSection
	GlobalSection(SolutionProperties) = preSolution
		HideSolutionNode = FALSE
	EndGlobalSection
	GlobalSection(ExtensibilityGlobals) = postSolution
		SolutionGuid = {8993D09E-37C7-4726-B025-A9396133215C}
	EndGlobalSection
EndGlobal
